
Microsoft Visual Studio Solution File, Format Version 12.00
# Visual Studio 15
VisualStudioVersion = 15.0.28307.271
MinimumVisualStudioVersion = 10.0.40219.1
Project("{9A19103F-16F7-4668-BE54-9A1E7A4F7556}") = "FuraFila.WebApp", "FuraFila.WebApp\FuraFila.WebApp.csproj", "{AD1345ED-A613-4346-AD98-BB59ACF5EF82}"
EndProject
Project("{9A19103F-16F7-4668-BE54-9A1E7A4F7556}") = "FuraFila.Domain", "FuraFila.Domain\FuraFila.Domain.csproj", "{8DF56EBD-C44C-4F04-8A6D-A8EBA20BBF66}"
EndProject
Project("{9A19103F-16F7-4668-BE54-9A1E7A4F7556}") = "FuraFila.Repository.SQlite", "FuraFila.Repository.SQlite\FuraFila.Repository.SQlite.csproj", "{D4C7FEE4-53CF-4D7B-B375-10189FB9BD7E}"
EndProject
Project("{9A19103F-16F7-4668-BE54-9A1E7A4F7556}") = "FuraFila.Payments.MercadoPago", "FuraFila.Payments.MercadoPago\FuraFila.Payments.MercadoPago.csproj", "{6400E80C-6DBD-4537-8CED-16F411D8FF8E}"
EndProject
Project("{2150E333-8FDC-42A3-9474-1A3956D46DE8}") = "PaymentsIntegrations", "PaymentsIntegrations", "{D919F44E-56B6-4876-96DF-13ACAB123DB2}"
EndProject
Project("{9A19103F-16F7-4668-BE54-9A1E7A4F7556}") = "MercadoPagoSDK", "MercadoPagoSDK\MercadoPagoSDK.csproj", "{3D7342DA-28F9-4FF9-9893-D428A04BE7A3}"
EndProject
Project("{9A19103F-16F7-4668-BE54-9A1E7A4F7556}") = "MercadoPagoSDK.Test", "MercadoPagoSDK.Test\MercadoPagoSDK.Test.csproj", "{8E0E8C0D-3015-4978-9CCC-E7AA401ED183}"
EndProject
Global
	GlobalSection(SolutionConfigurationPlatforms) = preSolution
		Debug|Any CPU = Debug|Any CPU
		Release|Any CPU = Release|Any CPU
	EndGlobalSection
	GlobalSection(ProjectConfigurationPlatforms) = postSolution
		{AD1345ED-A613-4346-AD98-BB59ACF5EF82}.Debug|Any CPU.ActiveCfg = Debug|Any CPU
		{AD1345ED-A613-4346-AD98-BB59ACF5EF82}.Debug|Any CPU.Build.0 = Debug|Any CPU
		{AD1345ED-A613-4346-AD98-BB59ACF5EF82}.Release|Any CPU.ActiveCfg = Release|Any CPU
		{AD1345ED-A613-4346-AD98-BB59ACF5EF82}.Release|Any CPU.Build.0 = Release|Any CPU
		{8DF56EBD-C44C-4F04-8A6D-A8EBA20BBF66}.Debug|Any CPU.ActiveCfg = Debug|Any CPU
		{8DF56EBD-C44C-4F04-8A6D-A8EBA20BBF66}.Debug|Any CPU.Build.0 = Debug|Any CPU
		{8DF56EBD-C44C-4F04-8A6D-A8EBA20BBF66}.Release|Any CPU.ActiveCfg = Release|Any CPU
		{8DF56EBD-C44C-4F04-8A6D-A8EBA20BBF66}.Release|Any CPU.Build.0 = Release|Any CPU
		{D4C7FEE4-53CF-4D7B-B375-10189FB9BD7E}.Debug|Any CPU.ActiveCfg = Debug|Any CPU
		{D4C7FEE4-53CF-4D7B-B375-10189FB9BD7E}.Debug|Any CPU.Build.0 = Debug|Any CPU
		{D4C7FEE4-53CF-4D7B-B375-10189FB9BD7E}.Release|Any CPU.ActiveCfg = Release|Any CPU
		{D4C7FEE4-53CF-4D7B-B375-10189FB9BD7E}.Release|Any CPU.Build.0 = Release|Any CPU
		{6400E80C-6DBD-4537-8CED-16F411D8FF8E}.Debug|Any CPU.ActiveCfg = Debug|Any CPU
		{6400E80C-6DBD-4537-8CED-16F411D8FF8E}.Debug|Any CPU.Build.0 = Debug|Any CPU
		{6400E80C-6DBD-4537-8CED-16F411D8FF8E}.Release|Any CPU.ActiveCfg = Release|Any CPU
		{6400E80C-6DBD-4537-8CED-16F411D8FF8E}.Release|Any CPU.Build.0 = Release|Any CPU
		{3D7342DA-28F9-4FF9-9893-D428A04BE7A3}.Debug|Any CPU.ActiveCfg = Debug|Any CPU
		{3D7342DA-28F9-4FF9-9893-D428A04BE7A3}.Debug|Any CPU.Build.0 = Debug|Any CPU
		{3D7342DA-28F9-4FF9-9893-D428A04BE7A3}.Release|Any CPU.ActiveCfg = Release|Any CPU
		{3D7342DA-28F9-4FF9-9893-D428A04BE7A3}.Release|Any CPU.Build.0 = Release|Any CPU
		{8E0E8C0D-3015-4978-9CCC-E7AA401ED183}.Debug|Any CPU.ActiveCfg = Debug|Any CPU
		{8E0E8C0D-3015-4978-9CCC-E7AA401ED183}.Debug|Any CPU.Build.0 = Debug|Any CPU
		{8E0E8C0D-3015-4978-9CCC-E7AA401ED183}.Release|Any CPU.ActiveCfg = Release|Any CPU
		{8E0E8C0D-3015-4978-9CCC-E7AA401ED183}.Release|Any CPU.Build.0 = Release|Any CPU
	EndGlobalSection
	GlobalSection(SolutionProperties) = preSolution
		HideSolutionNode = FALSE
	EndGlobalSection
	GlobalSection(NestedProjects) = preSolution
		{3D7342DA-28F9-4FF9-9893-D428A04BE7A3} = {D919F44E-56B6-4876-96DF-13ACAB123DB2}
		{8E0E8C0D-3015-4978-9CCC-E7AA401ED183} = {D919F44E-56B6-4876-96DF-13ACAB123DB2}
	EndGlobalSection
	GlobalSection(ExtensibilityGlobals) = postSolution
		SolutionGuid = {B468AE41-F364-40F0-BCF2-49C4D6FD83A9}
	EndGlobalSection
EndGlobal
